// !$*UTF8*$!
{
	archiveVersion = 1;
	classes = {
	};
	objectVersion = 52;
	objects = {

/* Begin PBXBuildFile section */
		79DCAC017878AC00C4E4ADB1 /* Pods_VandalAR.framework in Frameworks */ = {isa = PBXBuildFile; fileRef = C62B8E3C78F2A206FB2DCE69 /* Pods_VandalAR.framework */; };
		E06B4E0823CB698200288EEF /* ARKitView.swift in Sources */ = {isa = PBXBuildFile; fileRef = E06B4E0723CB698200288EEF /* ARKitView.swift */; };
		E2138FD523A40A7900D6594C /* AppDelegate.swift in Sources */ = {isa = PBXBuildFile; fileRef = E2138FD423A40A7900D6594C /* AppDelegate.swift */; };
		E2138FD723A40A7900D6594C /* RegistrationView.swift in Sources */ = {isa = PBXBuildFile; fileRef = E2138FD623A40A7900D6594C /* RegistrationView.swift */; };
		E2138FD923A40A7900D6594C /* Experience.rcproject in Sources */ = {isa = PBXBuildFile; fileRef = E2138FD823A40A7900D6594C /* Experience.rcproject */; };
		E2138FDB23A40A7A00D6594C /* Assets.xcassets in Resources */ = {isa = PBXBuildFile; fileRef = E2138FDA23A40A7A00D6594C /* Assets.xcassets */; };
		E2138FDE23A40A7A00D6594C /* Preview Assets.xcassets in Resources */ = {isa = PBXBuildFile; fileRef = E2138FDD23A40A7A00D6594C /* Preview Assets.xcassets */; };
		E2138FE123A40A7B00D6594C /* LaunchScreen.storyboard in Resources */ = {isa = PBXBuildFile; fileRef = E2138FDF23A40A7B00D6594C /* LaunchScreen.storyboard */; };
		E2138FEA23A40F7800D6594C /* Moya in Frameworks */ = {isa = PBXBuildFile; productRef = E2138FE923A40F7800D6594C /* Moya */; };
		E228452D23C8D72600077B38 /* Note.swift in Sources */ = {isa = PBXBuildFile; fileRef = E228452C23C8D72600077B38 /* Note.swift */; };
		E228452F23C8D87A00077B38 /* UUID+Ext.swift in Sources */ = {isa = PBXBuildFile; fileRef = E228452E23C8D87A00077B38 /* UUID+Ext.swift */; };
		E228453223C8DC5E00077B38 /* AddNoteRequest.swift in Sources */ = {isa = PBXBuildFile; fileRef = E228453123C8DC5E00077B38 /* AddNoteRequest.swift */; };
		E228453423C8DC9000077B38 /* AddNoteResponse.swift in Sources */ = {isa = PBXBuildFile; fileRef = E228453323C8DC9000077B38 /* AddNoteResponse.swift */; };
		E28BCBD823BE43FC00DDFFA8 /* RegistrationRequest.swift in Sources */ = {isa = PBXBuildFile; fileRef = E28BCBD723BE43FC00DDFFA8 /* RegistrationRequest.swift */; };
		E28BCBDB23BE455400DDFFA8 /* VandalAPI.swift in Sources */ = {isa = PBXBuildFile; fileRef = E28BCBDA23BE455400DDFFA8 /* VandalAPI.swift */; };
		E28BCBDD23BE475B00DDFFA8 /* RegistrationResponse.swift in Sources */ = {isa = PBXBuildFile; fileRef = E28BCBDC23BE475B00DDFFA8 /* RegistrationResponse.swift */; };
		E28BCBE223BE4A9600DDFFA8 /* UserDefaults+Ext.swift in Sources */ = {isa = PBXBuildFile; fileRef = E28BCBE123BE4A9600DDFFA8 /* UserDefaults+Ext.swift */; };
		E28BCBE523BE5A2300DDFFA8 /* VandalAPIService.swift in Sources */ = {isa = PBXBuildFile; fileRef = E28BCBE423BE5A2300DDFFA8 /* VandalAPIService.swift */; };
		E28BCBE723BE5FAD00DDFFA8 /* RegistrationViewModel.swift in Sources */ = {isa = PBXBuildFile; fileRef = E28BCBE623BE5FAD00DDFFA8 /* RegistrationViewModel.swift */; };
		E28BCBE923BE63A900DDFFA8 /* VandalAPIServiceType.swift in Sources */ = {isa = PBXBuildFile; fileRef = E28BCBE823BE63A900DDFFA8 /* VandalAPIServiceType.swift */; };
		E28BCBEB23BE63DD00DDFFA8 /* VandalAPIServiceMock.swift in Sources */ = {isa = PBXBuildFile; fileRef = E28BCBEA23BE63DD00DDFFA8 /* VandalAPIServiceMock.swift */; };
		E28BCBF023C0DCEF00DDFFA8 /* AppContentView.swift in Sources */ = {isa = PBXBuildFile; fileRef = E28BCBEF23C0DCEF00DDFFA8 /* AppContentView.swift */; };
/* End PBXBuildFile section */

/* Begin PBXFileReference section */
		22ADFF0C93A7CA31E13756B7 /* Pods-VandalAR.release.xcconfig */ = {isa = PBXFileReference; includeInIndex = 1; lastKnownFileType = text.xcconfig; name = "Pods-VandalAR.release.xcconfig"; path = "Target Support Files/Pods-VandalAR/Pods-VandalAR.release.xcconfig"; sourceTree = "<group>"; };
		56B615EBEA03746CBDD61DBC /* Pods-VandalAR.debug.xcconfig */ = {isa = PBXFileReference; includeInIndex = 1; lastKnownFileType = text.xcconfig; name = "Pods-VandalAR.debug.xcconfig"; path = "Target Support Files/Pods-VandalAR/Pods-VandalAR.debug.xcconfig"; sourceTree = "<group>"; };
		C62B8E3C78F2A206FB2DCE69 /* Pods_VandalAR.framework */ = {isa = PBXFileReference; explicitFileType = wrapper.framework; includeInIndex = 0; path = Pods_VandalAR.framework; sourceTree = BUILT_PRODUCTS_DIR; };
		E06B4E0723CB698200288EEF /* ARKitView.swift */ = {isa = PBXFileReference; lastKnownFileType = sourcecode.swift; path = ARKitView.swift; sourceTree = "<group>"; };
		E2138FD123A40A7900D6594C /* VandalAR.app */ = {isa = PBXFileReference; explicitFileType = wrapper.application; includeInIndex = 0; path = VandalAR.app; sourceTree = BUILT_PRODUCTS_DIR; };
		E2138FD423A40A7900D6594C /* AppDelegate.swift */ = {isa = PBXFileReference; lastKnownFileType = sourcecode.swift; path = AppDelegate.swift; sourceTree = "<group>"; };
		E2138FD623A40A7900D6594C /* RegistrationView.swift */ = {isa = PBXFileReference; lastKnownFileType = sourcecode.swift; path = RegistrationView.swift; sourceTree = "<group>"; };
		E2138FD823A40A7900D6594C /* Experience.rcproject */ = {isa = PBXFileReference; lastKnownFileType = file.rcproject; path = Experience.rcproject; sourceTree = "<group>"; };
		E2138FDA23A40A7A00D6594C /* Assets.xcassets */ = {isa = PBXFileReference; lastKnownFileType = folder.assetcatalog; path = Assets.xcassets; sourceTree = "<group>"; };
		E2138FDD23A40A7A00D6594C /* Preview Assets.xcassets */ = {isa = PBXFileReference; lastKnownFileType = folder.assetcatalog; path = "Preview Assets.xcassets"; sourceTree = "<group>"; };
		E2138FE023A40A7B00D6594C /* Base */ = {isa = PBXFileReference; lastKnownFileType = file.storyboard; name = Base; path = Base.lproj/LaunchScreen.storyboard; sourceTree = "<group>"; };
		E2138FE223A40A7B00D6594C /* Info.plist */ = {isa = PBXFileReference; lastKnownFileType = text.plist.xml; path = Info.plist; sourceTree = "<group>"; };
		E228452C23C8D72600077B38 /* Note.swift */ = {isa = PBXFileReference; lastKnownFileType = sourcecode.swift; path = Note.swift; sourceTree = "<group>"; };
		E228452E23C8D87A00077B38 /* UUID+Ext.swift */ = {isa = PBXFileReference; lastKnownFileType = sourcecode.swift; path = "UUID+Ext.swift"; sourceTree = "<group>"; };
		E228453123C8DC5E00077B38 /* AddNoteRequest.swift */ = {isa = PBXFileReference; lastKnownFileType = sourcecode.swift; path = AddNoteRequest.swift; sourceTree = "<group>"; };
		E228453323C8DC9000077B38 /* AddNoteResponse.swift */ = {isa = PBXFileReference; lastKnownFileType = sourcecode.swift; path = AddNoteResponse.swift; sourceTree = "<group>"; };
		E28BCBD723BE43FC00DDFFA8 /* RegistrationRequest.swift */ = {isa = PBXFileReference; lastKnownFileType = sourcecode.swift; path = RegistrationRequest.swift; sourceTree = "<group>"; };
		E28BCBDA23BE455400DDFFA8 /* VandalAPI.swift */ = {isa = PBXFileReference; lastKnownFileType = sourcecode.swift; path = VandalAPI.swift; sourceTree = "<group>"; };
		E28BCBDC23BE475B00DDFFA8 /* RegistrationResponse.swift */ = {isa = PBXFileReference; lastKnownFileType = sourcecode.swift; path = RegistrationResponse.swift; sourceTree = "<group>"; };
		E28BCBE123BE4A9600DDFFA8 /* UserDefaults+Ext.swift */ = {isa = PBXFileReference; lastKnownFileType = sourcecode.swift; path = "UserDefaults+Ext.swift"; sourceTree = "<group>"; };
		E28BCBE423BE5A2300DDFFA8 /* VandalAPIService.swift */ = {isa = PBXFileReference; lastKnownFileType = sourcecode.swift; path = VandalAPIService.swift; sourceTree = "<group>"; };
		E28BCBE623BE5FAD00DDFFA8 /* RegistrationViewModel.swift */ = {isa = PBXFileReference; lastKnownFileType = sourcecode.swift; path = RegistrationViewModel.swift; sourceTree = "<group>"; };
		E28BCBE823BE63A900DDFFA8 /* VandalAPIServiceType.swift */ = {isa = PBXFileReference; lastKnownFileType = sourcecode.swift; path = VandalAPIServiceType.swift; sourceTree = "<group>"; };
		E28BCBEA23BE63DD00DDFFA8 /* VandalAPIServiceMock.swift */ = {isa = PBXFileReference; lastKnownFileType = sourcecode.swift; path = VandalAPIServiceMock.swift; sourceTree = "<group>"; };
		E28BCBEF23C0DCEF00DDFFA8 /* AppContentView.swift */ = {isa = PBXFileReference; lastKnownFileType = sourcecode.swift; path = AppContentView.swift; sourceTree = "<group>"; };
/* End PBXFileReference section */

/* Begin PBXFrameworksBuildPhase section */
		E2138FCE23A40A7900D6594C /* Frameworks */ = {
			isa = PBXFrameworksBuildPhase;
			buildActionMask = 2147483647;
			files = (
				E2138FEA23A40F7800D6594C /* Moya in Frameworks */,
				79DCAC017878AC00C4E4ADB1 /* Pods_VandalAR.framework in Frameworks */,
			);
			runOnlyForDeploymentPostprocessing = 0;
		};
/* End PBXFrameworksBuildPhase section */

/* Begin PBXGroup section */
		90BABE8D5791EC4407805053 /* Frameworks */ = {
			isa = PBXGroup;
			children = (
				C62B8E3C78F2A206FB2DCE69 /* Pods_VandalAR.framework */,
			);
			name = Frameworks;
			sourceTree = "<group>";
		};
		B45E426ABC7C71B51A3253F4 /* Pods */ = {
			isa = PBXGroup;
			children = (
				56B615EBEA03746CBDD61DBC /* Pods-VandalAR.debug.xcconfig */,
				22ADFF0C93A7CA31E13756B7 /* Pods-VandalAR.release.xcconfig */,
			);
			path = Pods;
			sourceTree = "<group>";
		};
		E2138FC823A40A7900D6594C = {
			isa = PBXGroup;
			children = (
				E2138FD323A40A7900D6594C /* VandalAR */,
				E2138FD223A40A7900D6594C /* Products */,
				B45E426ABC7C71B51A3253F4 /* Pods */,
				90BABE8D5791EC4407805053 /* Frameworks */,
			);
			sourceTree = "<group>";
		};
		E2138FD223A40A7900D6594C /* Products */ = {
			isa = PBXGroup;
			children = (
				E2138FD123A40A7900D6594C /* VandalAR.app */,
			);
			name = Products;
			sourceTree = "<group>";
		};
		E2138FD323A40A7900D6594C /* VandalAR */ = {
			isa = PBXGroup;
			children = (
				E28BCBD623BE42EE00DDFFA8 /* Network */,
				E28BCBDE23BE494900DDFFA8 /* Scenes */,
				E28BCBE323BE59EC00DDFFA8 /* Services */,
				E28BCBE023BE4A7B00DDFFA8 /* Utils */,
				E2138FD423A40A7900D6594C /* AppDelegate.swift */,
				E2138FD823A40A7900D6594C /* Experience.rcproject */,
				E2138FDA23A40A7A00D6594C /* Assets.xcassets */,
				E2138FDF23A40A7B00D6594C /* LaunchScreen.storyboard */,
				E2138FE223A40A7B00D6594C /* Info.plist */,
				E2138FDC23A40A7A00D6594C /* Preview Content */,
			);
			path = VandalAR;
			sourceTree = "<group>";
		};
		E2138FDC23A40A7A00D6594C /* Preview Content */ = {
			isa = PBXGroup;
			children = (
				E2138FDD23A40A7A00D6594C /* Preview Assets.xcassets */,
			);
			path = "Preview Content";
			sourceTree = "<group>";
		};
		E228452B23C8D71200077B38 /* Common */ = {
			isa = PBXGroup;
			children = (
				E228452C23C8D72600077B38 /* Note.swift */,
			);
			path = Common;
			sourceTree = "<group>";
		};
		E228453023C8DC5100077B38 /* AddNote */ = {
			isa = PBXGroup;
			children = (
				E228453123C8DC5E00077B38 /* AddNoteRequest.swift */,
				E228453323C8DC9000077B38 /* AddNoteResponse.swift */,
			);
			path = AddNote;
			sourceTree = "<group>";
		};
		E28BCBD623BE42EE00DDFFA8 /* Network */ = {
			isa = PBXGroup;
			children = (
				E228453023C8DC5100077B38 /* AddNote */,
				E228452B23C8D71200077B38 /* Common */,
				E28BCBD923BE44EA00DDFFA8 /* Registration */,
				E28BCBDA23BE455400DDFFA8 /* VandalAPI.swift */,
			);
			path = Network;
			sourceTree = "<group>";
		};
		E28BCBD923BE44EA00DDFFA8 /* Registration */ = {
			isa = PBXGroup;
			children = (
				E28BCBD723BE43FC00DDFFA8 /* RegistrationRequest.swift */,
				E28BCBDC23BE475B00DDFFA8 /* RegistrationResponse.swift */,
			);
			path = Registration;
			sourceTree = "<group>";
		};
		E28BCBDE23BE494900DDFFA8 /* Scenes */ = {
			isa = PBXGroup;
			children = (
				E28BCBEE23C0DC9A00DDFFA8 /* AppContent */,
				E28BCBDF23BE497800DDFFA8 /* Registration */,
			);
			path = Scenes;
			sourceTree = "<group>";
		};
		E28BCBDF23BE497800DDFFA8 /* Registration */ = {
			isa = PBXGroup;
			children = (
				E2138FD623A40A7900D6594C /* RegistrationView.swift */,
				E28BCBE623BE5FAD00DDFFA8 /* RegistrationViewModel.swift */,
			);
			path = Registration;
			sourceTree = "<group>";
		};
		E28BCBE023BE4A7B00DDFFA8 /* Utils */ = {
			isa = PBXGroup;
			children = (
				E28BCBE123BE4A9600DDFFA8 /* UserDefaults+Ext.swift */,
				E228452E23C8D87A00077B38 /* UUID+Ext.swift */,
			);
			path = Utils;
			sourceTree = "<group>";
		};
		E28BCBE323BE59EC00DDFFA8 /* Services */ = {
			isa = PBXGroup;
			children = (
				E28BCBE423BE5A2300DDFFA8 /* VandalAPIService.swift */,
				E28BCBE823BE63A900DDFFA8 /* VandalAPIServiceType.swift */,
				E28BCBEA23BE63DD00DDFFA8 /* VandalAPIServiceMock.swift */,
			);
			path = Services;
			sourceTree = "<group>";
		};
		E28BCBEE23C0DC9A00DDFFA8 /* AppContent */ = {
			isa = PBXGroup;
			children = (
				E28BCBEF23C0DCEF00DDFFA8 /* AppContentView.swift */,
				E06B4E0723CB698200288EEF /* ARKitView.swift */,
			);
			path = AppContent;
			sourceTree = "<group>";
		};
/* End PBXGroup section */

/* Begin PBXNativeTarget section */
		E2138FD023A40A7900D6594C /* VandalAR */ = {
			isa = PBXNativeTarget;
			buildConfigurationList = E2138FE523A40A7B00D6594C /* Build configuration list for PBXNativeTarget "VandalAR" */;
			buildPhases = (
				75E88D1299E7CB54C3D0A73E /* [CP] Check Pods Manifest.lock */,
				E2138FCD23A40A7900D6594C /* Sources */,
				E2138FCE23A40A7900D6594C /* Frameworks */,
				E2138FCF23A40A7900D6594C /* Resources */,
				EFB165E8122BA5E59E10508C /* [CP] Embed Pods Frameworks */,
			);
			buildRules = (
			);
			dependencies = (
			);
			name = VandalAR;
			packageProductDependencies = (
				E2138FE923A40F7800D6594C /* Moya */,
			);
			productName = VandalAR;
			productReference = E2138FD123A40A7900D6594C /* VandalAR.app */;
			productType = "com.apple.product-type.application";
		};
/* End PBXNativeTarget section */

/* Begin PBXProject section */
		E2138FC923A40A7900D6594C /* Project object */ = {
			isa = PBXProject;
			attributes = {
				LastSwiftUpdateCheck = 1130;
				LastUpgradeCheck = 1130;
				ORGANIZATIONNAME = NSU;
				TargetAttributes = {
					E2138FD023A40A7900D6594C = {
						CreatedOnToolsVersion = 11.3;
					};
				};
			};
			buildConfigurationList = E2138FCC23A40A7900D6594C /* Build configuration list for PBXProject "VandalAR" */;
			compatibilityVersion = "Xcode 9.3";
			developmentRegion = en;
			hasScannedForEncodings = 0;
			knownRegions = (
				en,
				Base,
			);
			mainGroup = E2138FC823A40A7900D6594C;
			packageReferences = (
				E2138FE823A40F7800D6594C /* XCRemoteSwiftPackageReference "Moya" */,
			);
			productRefGroup = E2138FD223A40A7900D6594C /* Products */;
			projectDirPath = "";
			projectRoot = "";
			targets = (
				E2138FD023A40A7900D6594C /* VandalAR */,
			);
		};
/* End PBXProject section */

/* Begin PBXResourcesBuildPhase section */
		E2138FCF23A40A7900D6594C /* Resources */ = {
			isa = PBXResourcesBuildPhase;
			buildActionMask = 2147483647;
			files = (
				E2138FE123A40A7B00D6594C /* LaunchScreen.storyboard in Resources */,
				E2138FDE23A40A7A00D6594C /* Preview Assets.xcassets in Resources */,
				E2138FDB23A40A7A00D6594C /* Assets.xcassets in Resources */,
			);
			runOnlyForDeploymentPostprocessing = 0;
		};
/* End PBXResourcesBuildPhase section */

/* Begin PBXShellScriptBuildPhase section */
		75E88D1299E7CB54C3D0A73E /* [CP] Check Pods Manifest.lock */ = {
			isa = PBXShellScriptBuildPhase;
			buildActionMask = 2147483647;
			files = (
			);
			inputFileListPaths = (
			);
			inputPaths = (
				"${PODS_PODFILE_DIR_PATH}/Podfile.lock",
				"${PODS_ROOT}/Manifest.lock",
			);
			name = "[CP] Check Pods Manifest.lock";
			outputFileListPaths = (
			);
			outputPaths = (
				"$(DERIVED_FILE_DIR)/Pods-VandalAR-checkManifestLockResult.txt",
			);
			runOnlyForDeploymentPostprocessing = 0;
			shellPath = /bin/sh;
			shellScript = "diff \"${PODS_PODFILE_DIR_PATH}/Podfile.lock\" \"${PODS_ROOT}/Manifest.lock\" > /dev/null\nif [ $? != 0 ] ; then\n    # print error to STDERR\n    echo \"error: The sandbox is not in sync with the Podfile.lock. Run 'pod install' or update your CocoaPods installation.\" >&2\n    exit 1\nfi\n# This output is used by Xcode 'outputs' to avoid re-running this script phase.\necho \"SUCCESS\" > \"${SCRIPT_OUTPUT_FILE_0}\"\n";
			showEnvVarsInLog = 0;
		};
		EFB165E8122BA5E59E10508C /* [CP] Embed Pods Frameworks */ = {
			isa = PBXShellScriptBuildPhase;
			buildActionMask = 2147483647;
			files = (
			);
			inputFileListPaths = (
				"${PODS_ROOT}/Target Support Files/Pods-VandalAR/Pods-VandalAR-frameworks-${CONFIGURATION}-input-files.xcfilelist",
			);
			name = "[CP] Embed Pods Frameworks";
			outputFileListPaths = (
				"${PODS_ROOT}/Target Support Files/Pods-VandalAR/Pods-VandalAR-frameworks-${CONFIGURATION}-output-files.xcfilelist",
			);
			runOnlyForDeploymentPostprocessing = 0;
			shellPath = /bin/sh;
			shellScript = "\"${PODS_ROOT}/Target Support Files/Pods-VandalAR/Pods-VandalAR-frameworks.sh\"\n";
			showEnvVarsInLog = 0;
		};
/* End PBXShellScriptBuildPhase section */

/* Begin PBXSourcesBuildPhase section */
		E2138FCD23A40A7900D6594C /* Sources */ = {
			isa = PBXSourcesBuildPhase;
			buildActionMask = 2147483647;
			files = (
				E28BCBD823BE43FC00DDFFA8 /* RegistrationRequest.swift in Sources */,
				E28BCBE723BE5FAD00DDFFA8 /* RegistrationViewModel.swift in Sources */,
				E28BCBEB23BE63DD00DDFFA8 /* VandalAPIServiceMock.swift in Sources */,
				E2138FD723A40A7900D6594C /* RegistrationView.swift in Sources */,
				E06B4E0823CB698200288EEF /* ARKitView.swift in Sources */,
				E28BCBE523BE5A2300DDFFA8 /* VandalAPIService.swift in Sources */,
				E228453223C8DC5E00077B38 /* AddNoteRequest.swift in Sources */,
				E228452D23C8D72600077B38 /* Note.swift in Sources */,
				E228452F23C8D87A00077B38 /* UUID+Ext.swift in Sources */,
				E2138FD523A40A7900D6594C /* AppDelegate.swift in Sources */,
				E28BCBF023C0DCEF00DDFFA8 /* AppContentView.swift in Sources */,
				E28BCBDD23BE475B00DDFFA8 /* RegistrationResponse.swift in Sources */,
				E2138FD923A40A7900D6594C /* Experience.rcproject in Sources */,
				E28BCBDB23BE455400DDFFA8 /* VandalAPI.swift in Sources */,
				E28BCBE923BE63A900DDFFA8 /* VandalAPIServiceType.swift in Sources */,
				E228453423C8DC9000077B38 /* AddNoteResponse.swift in Sources */,
				E28BCBE223BE4A9600DDFFA8 /* UserDefaults+Ext.swift in Sources */,
			);
			runOnlyForDeploymentPostprocessing = 0;
		};
/* End PBXSourcesBuildPhase section */

/* Begin PBXVariantGroup section */
		E2138FDF23A40A7B00D6594C /* LaunchScreen.storyboard */ = {
			isa = PBXVariantGroup;
			children = (
				E2138FE023A40A7B00D6594C /* Base */,
			);
			name = LaunchScreen.storyboard;
			sourceTree = "<group>";
		};
/* End PBXVariantGroup section */

/* Begin XCBuildConfiguration section */
		E2138FE323A40A7B00D6594C /* Debug */ = {
			isa = XCBuildConfiguration;
			buildSettings = {
				ALWAYS_SEARCH_USER_PATHS = NO;
				CLANG_ANALYZER_NONNULL = YES;
				CLANG_ANALYZER_NUMBER_OBJECT_CONVERSION = YES_AGGRESSIVE;
				CLANG_CXX_LANGUAGE_STANDARD = "gnu++14";
				CLANG_CXX_LIBRARY = "libc++";
				CLANG_ENABLE_MODULES = YES;
				CLANG_ENABLE_OBJC_ARC = YES;
				CLANG_ENABLE_OBJC_WEAK = YES;
				CLANG_WARN_BLOCK_CAPTURE_AUTORELEASING = YES;
				CLANG_WARN_BOOL_CONVERSION = YES;
				CLANG_WARN_COMMA = YES;
				CLANG_WARN_CONSTANT_CONVERSION = YES;
				CLANG_WARN_DEPRECATED_OBJC_IMPLEMENTATIONS = YES;
				CLANG_WARN_DIRECT_OBJC_ISA_USAGE = YES_ERROR;
				CLANG_WARN_DOCUMENTATION_COMMENTS = YES;
				CLANG_WARN_EMPTY_BODY = YES;
				CLANG_WARN_ENUM_CONVERSION = YES;
				CLANG_WARN_INFINITE_RECURSION = YES;
				CLANG_WARN_INT_CONVERSION = YES;
				CLANG_WARN_NON_LITERAL_NULL_CONVERSION = YES;
				CLANG_WARN_OBJC_IMPLICIT_RETAIN_SELF = YES;
				CLANG_WARN_OBJC_LITERAL_CONVERSION = YES;
				CLANG_WARN_OBJC_ROOT_CLASS = YES_ERROR;
				CLANG_WARN_RANGE_LOOP_ANALYSIS = YES;
				CLANG_WARN_STRICT_PROTOTYPES = YES;
				CLANG_WARN_SUSPICIOUS_MOVE = YES;
				CLANG_WARN_UNGUARDED_AVAILABILITY = YES_AGGRESSIVE;
				CLANG_WARN_UNREACHABLE_CODE = YES;
				CLANG_WARN__DUPLICATE_METHOD_MATCH = YES;
				COPY_PHASE_STRIP = NO;
				DEBUG_INFORMATION_FORMAT = dwarf;
				ENABLE_STRICT_OBJC_MSGSEND = YES;
				ENABLE_TESTABILITY = YES;
				GCC_C_LANGUAGE_STANDARD = gnu11;
				GCC_DYNAMIC_NO_PIC = NO;
				GCC_NO_COMMON_BLOCKS = YES;
				GCC_OPTIMIZATION_LEVEL = 0;
				GCC_PREPROCESSOR_DEFINITIONS = (
					"DEBUG=1",
					"$(inherited)",
				);
				GCC_WARN_64_TO_32_BIT_CONVERSION = YES;
				GCC_WARN_ABOUT_RETURN_TYPE = YES_ERROR;
				GCC_WARN_UNDECLARED_SELECTOR = YES;
				GCC_WARN_UNINITIALIZED_AUTOS = YES_AGGRESSIVE;
				GCC_WARN_UNUSED_FUNCTION = YES;
				GCC_WARN_UNUSED_VARIABLE = YES;
				IPHONEOS_DEPLOYMENT_TARGET = 13.2;
				MTL_ENABLE_DEBUG_INFO = INCLUDE_SOURCE;
				MTL_FAST_MATH = YES;
				ONLY_ACTIVE_ARCH = YES;
				SDKROOT = iphoneos;
				SWIFT_ACTIVE_COMPILATION_CONDITIONS = DEBUG;
				SWIFT_OPTIMIZATION_LEVEL = "-Onone";
			};
			name = Debug;
		};
		E2138FE423A40A7B00D6594C /* Release */ = {
			isa = XCBuildConfiguration;
			buildSettings = {
				ALWAYS_SEARCH_USER_PATHS = NO;
				CLANG_ANALYZER_NONNULL = YES;
				CLANG_ANALYZER_NUMBER_OBJECT_CONVERSION = YES_AGGRESSIVE;
				CLANG_CXX_LANGUAGE_STANDARD = "gnu++14";
				CLANG_CXX_LIBRARY = "libc++";
				CLANG_ENABLE_MODULES = YES;
				CLANG_ENABLE_OBJC_ARC = YES;
				CLANG_ENABLE_OBJC_WEAK = YES;
				CLANG_WARN_BLOCK_CAPTURE_AUTORELEASING = YES;
				CLANG_WARN_BOOL_CONVERSION = YES;
				CLANG_WARN_COMMA = YES;
				CLANG_WARN_CONSTANT_CONVERSION = YES;
				CLANG_WARN_DEPRECATED_OBJC_IMPLEMENTATIONS = YES;
				CLANG_WARN_DIRECT_OBJC_ISA_USAGE = YES_ERROR;
				CLANG_WARN_DOCUMENTATION_COMMENTS = YES;
				CLANG_WARN_EMPTY_BODY = YES;
				CLANG_WARN_ENUM_CONVERSION = YES;
				CLANG_WARN_INFINITE_RECURSION = YES;
				CLANG_WARN_INT_CONVERSION = YES;
				CLANG_WARN_NON_LITERAL_NULL_CONVERSION = YES;
				CLANG_WARN_OBJC_IMPLICIT_RETAIN_SELF = YES;
				CLANG_WARN_OBJC_LITERAL_CONVERSION = YES;
				CLANG_WARN_OBJC_ROOT_CLASS = YES_ERROR;
				CLANG_WARN_RANGE_LOOP_ANALYSIS = YES;
				CLANG_WARN_STRICT_PROTOTYPES = YES;
				CLANG_WARN_SUSPICIOUS_MOVE = YES;
				CLANG_WARN_UNGUARDED_AVAILABILITY = YES_AGGRESSIVE;
				CLANG_WARN_UNREACHABLE_CODE = YES;
				CLANG_WARN__DUPLICATE_METHOD_MATCH = YES;
				COPY_PHASE_STRIP = NO;
				DEBUG_INFORMATION_FORMAT = "dwarf-with-dsym";
				ENABLE_NS_ASSERTIONS = NO;
				ENABLE_STRICT_OBJC_MSGSEND = YES;
				GCC_C_LANGUAGE_STANDARD = gnu11;
				GCC_NO_COMMON_BLOCKS = YES;
				GCC_WARN_64_TO_32_BIT_CONVERSION = YES;
				GCC_WARN_ABOUT_RETURN_TYPE = YES_ERROR;
				GCC_WARN_UNDECLARED_SELECTOR = YES;
				GCC_WARN_UNINITIALIZED_AUTOS = YES_AGGRESSIVE;
				GCC_WARN_UNUSED_FUNCTION = YES;
				GCC_WARN_UNUSED_VARIABLE = YES;
				IPHONEOS_DEPLOYMENT_TARGET = 13.2;
				MTL_ENABLE_DEBUG_INFO = NO;
				MTL_FAST_MATH = YES;
				SDKROOT = iphoneos;
				SWIFT_COMPILATION_MODE = wholemodule;
				SWIFT_OPTIMIZATION_LEVEL = "-O";
				VALIDATE_PRODUCT = YES;
			};
			name = Release;
		};
		E2138FE623A40A7B00D6594C /* Debug */ = {
			isa = XCBuildConfiguration;
			baseConfigurationReference = 56B615EBEA03746CBDD61DBC /* Pods-VandalAR.debug.xcconfig */;
			buildSettings = {
				ASSETCATALOG_COMPILER_APPICON_NAME = AppIcon;
				CODE_SIGN_STYLE = Automatic;
				DEVELOPMENT_ASSET_PATHS = "\"VandalAR/Preview Content\"";
				DEVELOPMENT_TEAM = 9TET2ND9AY;
				ENABLE_PREVIEWS = YES;
				INFOPLIST_FILE = VandalAR/Info.plist;
				IPHONEOS_DEPLOYMENT_TARGET = 13.0;
				LD_RUNPATH_SEARCH_PATHS = (
					"$(inherited)",
					"@executable_path/Frameworks",
				);
				PRODUCT_BUNDLE_IDENTIFIER = ru.nsu.fit.VandalAR.evilcap;
				PRODUCT_NAME = "$(TARGET_NAME)";
				SWIFT_VERSION = 5.0;
				TARGETED_DEVICE_FAMILY = "1,2";
			};
			name = Debug;
		};
		E2138FE723A40A7B00D6594C /* Release */ = {
			isa = XCBuildConfiguration;
			baseConfigurationReference = 22ADFF0C93A7CA31E13756B7 /* Pods-VandalAR.release.xcconfig */;
			buildSettings = {
				ASSETCATALOG_COMPILER_APPICON_NAME = AppIcon;
				CODE_SIGN_STYLE = Automatic;
				DEVELOPMENT_ASSET_PATHS = "\"VandalAR/Preview Content\"";
				DEVELOPMENT_TEAM = 9TET2ND9AY;
				ENABLE_PREVIEWS = YES;
				INFOPLIST_FILE = VandalAR/Info.plist;
				IPHONEOS_DEPLOYMENT_TARGET = 13.0;
				LD_RUNPATH_SEARCH_PATHS = (
					"$(inherited)",
					"@executable_path/Frameworks",
				);
				PRODUCT_BUNDLE_IDENTIFIER = ru.nsu.fit.VandalAR.evilcap;
				PRODUCT_NAME = "$(TARGET_NAME)";
				SWIFT_VERSION = 5.0;
				TARGETED_DEVICE_FAMILY = "1,2";
			};
			name = Release;
		};
/* End XCBuildConfiguration section */

/* Begin XCConfigurationList section */
		E2138FCC23A40A7900D6594C /* Build configuration list for PBXProject "VandalAR" */ = {
			isa = XCConfigurationList;
			buildConfigurations = (
				E2138FE323A40A7B00D6594C /* Debug */,
				E2138FE423A40A7B00D6594C /* Release */,
			);
			defaultConfigurationIsVisible = 0;
			defaultConfigurationName = Release;
		};
		E2138FE523A40A7B00D6594C /* Build configuration list for PBXNativeTarget "VandalAR" */ = {
			isa = XCConfigurationList;
			buildConfigurations = (
				E2138FE623A40A7B00D6594C /* Debug */,
				E2138FE723A40A7B00D6594C /* Release */,
			);
			defaultConfigurationIsVisible = 0;
			defaultConfigurationName = Release;
		};
/* End XCConfigurationList section */

/* Begin XCRemoteSwiftPackageReference section */
		E2138FE823A40F7800D6594C /* XCRemoteSwiftPackageReference "Moya" */ = {
			isa = XCRemoteSwiftPackageReference;
			repositoryURL = "https://github.com/Moya/Moya.git";
			requirement = {
				kind = exactVersion;
				version = "14.0.0-beta.3";
			};
		};
/* End XCRemoteSwiftPackageReference section */

/* Begin XCSwiftPackageProductDependency section */
		E2138FE923A40F7800D6594C /* Moya */ = {
			isa = XCSwiftPackageProductDependency;
			package = E2138FE823A40F7800D6594C /* XCRemoteSwiftPackageReference "Moya" */;
			productName = Moya;
		};
/* End XCSwiftPackageProductDependency section */
	};
	rootObject = E2138FC923A40A7900D6594C /* Project object */;
}
